
Microsoft Visual Studio Solution File, Format Version 12.00
# Visual Studio Version 17
VisualStudioVersion = 17.11.35222.181
MinimumVisualStudioVersion = 10.0.40219.1
Project("{FAE04EC0-301F-11D3-BF4B-00C04F79EFBC}") = "Chatmessage3", "Chatmessage3\Chatmessage3.csproj", "{D6C8AD17-AC43-401D-8744-A3672BF14299}"
EndProject
Project("{FAE04EC0-301F-11D3-BF4B-00C04F79EFBC}") = "client", "client\client.csproj", "{0AB957CE-5938-405C-B2D1-D9A14C7FBD8C}"
EndProject
Global
	GlobalSection(SolutionConfigurationPlatforms) = preSolution
		Debug|Any CPU = Debug|Any CPU
		Release|Any CPU = Release|Any CPU
	EndGlobalSection
	GlobalSection(ProjectConfigurationPlatforms) = postSolution
		{D6C8AD17-AC43-401D-8744-A3672BF14299}.Debug|Any CPU.ActiveCfg = Debug|Any CPU
		{D6C8AD17-AC43-401D-8744-A3672BF14299}.Debug|Any CPU.Build.0 = Debug|Any CPU
		{D6C8AD17-AC43-401D-8744-A3672BF14299}.Release|Any CPU.ActiveCfg = Release|Any CPU
		{D6C8AD17-AC43-401D-8744-A3672BF14299}.Release|Any CPU.Build.0 = Release|Any CPU
		{0AB957CE-5938-405C-B2D1-D9A14C7FBD8C}.Debug|Any CPU.ActiveCfg = Debug|Any CPU
		{0AB957CE-5938-405C-B2D1-D9A14C7FBD8C}.Debug|Any CPU.Build.0 = Debug|Any CPU
		{0AB957CE-5938-405C-B2D1-D9A14C7FBD8C}.Release|Any CPU.ActiveCfg = Release|Any CPU
		{0AB957CE-5938-405C-B2D1-D9A14C7FBD8C}.Release|Any CPU.Build.0 = Release|Any CPU
	EndGlobalSection
	GlobalSection(SolutionProperties) = preSolution
		HideSolutionNode = FALSE
	EndGlobalSection
	GlobalSection(ExtensibilityGlobals) = postSolution
		SolutionGuid = {54BF605F-C61E-43E9-9F79-F85776B87478}
	EndGlobalSection
EndGlobal
