
Microsoft Visual Studio Solution File, Format Version 12.00
# Visual Studio Version 17
VisualStudioVersion = 17.11.35222.181
MinimumVisualStudioVersion = 10.0.40219.1
Project("{FAE04EC0-301F-11D3-BF4B-00C04F79EFBC}") = "cc2", "cc2\cc2.csproj", "{C3F26A98-AB62-48C9-B594-63C7B9EDB754}"
EndProject
Global
	GlobalSection(SolutionConfigurationPlatforms) = preSolution
		Debug|Any CPU = Debug|Any CPU
		Release|Any CPU = Release|Any CPU
	EndGlobalSection
	GlobalSection(ProjectConfigurationPlatforms) = postSolution
		{C3F26A98-AB62-48C9-B594-63C7B9EDB754}.Debug|Any CPU.ActiveCfg = Debug|Any CPU
		{C3F26A98-AB62-48C9-B594-63C7B9EDB754}.Debug|Any CPU.Build.0 = Debug|Any CPU
		{C3F26A98-AB62-48C9-B594-63C7B9EDB754}.Release|Any CPU.ActiveCfg = Release|Any CPU
		{C3F26A98-AB62-48C9-B594-63C7B9EDB754}.Release|Any CPU.Build.0 = Release|Any CPU
	EndGlobalSection
	GlobalSection(SolutionProperties) = preSolution
		HideSolutionNode = FALSE
	EndGlobalSection
	GlobalSection(ExtensibilityGlobals) = postSolution
		SolutionGuid = {4FE659D5-27C2-44D2-87D1-F76D977EC415}
	EndGlobalSection
EndGlobal
